<?xml version="1.0" encoding="utf-8"?>
<Project ToolsVersion="4.0" xmlns="http://schemas.microsoft.com/developer/msbuild/2003">
  <ItemGroup>
    <ClCompile Include="Ammo.cpp">
      <Filter>Source Files\Entity\Item</Filter>
    </ClCompile>
    <ClCompile Include="Health.cpp">
      <Filter>Source Files\Entity\Item</Filter>
    </ClCompile>
    <ClCompile Include="Slowdown.cpp">
      <Filter>Source Files\Entity\Item</Filter>
    </ClCompile>
    <ClCompile Include="Building.cpp">
      <Filter>Source Files\Entity</Filter>
    </ClCompile>
    <ClCompile Include="bullet.cpp">
      <Filter>Source Files\Entity</Filter>
    </ClCompile>
    <ClCompile Include="Casino.cpp">
      <Filter>Source Files\Entity</Filter>
    </ClCompile>
    <ClCompile Include="Entity.cpp">
      <Filter>Source Files\Entity</Filter>
    </ClCompile>
    <ClCompile Include="EntityFactory.cpp">
      <Filter>Source Files\Entity</Filter>
    </ClCompile>
    <ClCompile Include="gun.cpp">
      <Filter>Source Files\Entity</Filter>
    </ClCompile>
    <ClCompile Include="Items.cpp">
      <Filter>Source Files\Entity</Filter>
    </ClCompile>
    <ClCompile Include="Obstacle.cpp">
      <Filter>Source Files\Entity</Filter>
    </ClCompile>
    <ClCompile Include="PlayerInfo.cpp">
      <Filter>Source Files\Entity</Filter>
    </ClCompile>
    <ClCompile Include="Zombies.cpp">
      <Filter>Source Files\Entity</Filter>
    </ClCompile>
    <ClCompile Include="SPZombie.cpp">
      <Filter>Source Files\Entity</Filter>
    </ClCompile>
    <ClCompile Include="LoadResources.cpp">
      <Filter>Source Files\Framework</Filter>
    </ClCompile>
    <ClCompile Include="loadTGA.cpp">
      <Filter>Source Files\Framework</Filter>
    </ClCompile>
    <ClCompile Include="MVCtime.cpp">
      <Filter>Source Files\Framework</Filter>
    </ClCompile>
    <ClCompile Include="Ortho2D.cpp">
      <Filter>Source Files\Framework</Filter>
    </ClCompile>
    <ClCompile Include="Sound.cpp">
      <Filter>Source Files\Framework</Filter>
    </ClCompile>
    <ClCompile Include="Mouse.cpp">
      <Filter>Source Files\Framework</Filter>
    </ClCompile>
    <ClCompile Include="Bet.cpp">
      <Filter>Source Files\Misc</Filter>
    </ClCompile>
    <ClCompile Include="Collision.cpp">
      <Filter>Source Files\Misc</Filter>
    </ClCompile>
    <ClCompile Include="Map.cpp">
      <Filter>Source Files\Misc</Filter>
    </ClCompile>
    <ClCompile Include="Money.cpp">
      <Filter>Source Files\Misc</Filter>
    </ClCompile>
    <ClCompile Include="State.cpp">
      <Filter>Source Files\Misc</Filter>
    </ClCompile>
    <ClCompile Include="UI.cpp">
      <Filter>Source Files\Misc</Filter>
    </ClCompile>
    <ClCompile Include="DM2231_Controller.cpp">
      <Filter>Source Files</Filter>
    </ClCompile>
    <ClCompile Include="main.cpp">
      <Filter>Source Files</Filter>
    </ClCompile>
    <ClCompile Include="DM2231_Model.cpp">
      <Filter>Source Files</Filter>
    </ClCompile>
    <ClCompile Include="DM2231_View.cpp">
      <Filter>Source Files</Filter>
    </ClCompile>
    <ClCompile Include="QuadTree.cpp" />
  </ItemGroup>
  <ItemGroup>
    <ClInclude Include="DM2231_Model.h">
      <Filter>Header Files</Filter>
    </ClInclude>
    <ClInclude Include="DM2231_Controller.h">
      <Filter>Header Files</Filter>
    </ClInclude>
    <ClInclude Include="DM2231_View.h">
      <Filter>Header Files</Filter>
    </ClInclude>
    <ClInclude Include="EntitiesHeader.h">
      <Filter>Header Files</Filter>
    </ClInclude>
    <ClInclude Include="bullet.h">
      <Filter>Header Files\Entity</Filter>
    </ClInclude>
    <ClInclude Include="Casino.h">
      <Filter>Header Files\Entity</Filter>
    </ClInclude>
    <ClInclude Include="Entity.h">
      <Filter>Header Files\Entity</Filter>
    </ClInclude>
    <ClInclude Include="EntityFactory.h">
      <Filter>Header Files\Entity</Filter>
    </ClInclude>
    <ClInclude Include="gun.h">
      <Filter>Header Files\Entity</Filter>
    </ClInclude>
    <ClInclude Include="Items.h">
      <Filter>Header Files\Entity</Filter>
    </ClInclude>
    <ClInclude Include="Obstacle.h">
      <Filter>Header Files\Entity</Filter>
    </ClInclude>
    <ClInclude Include="PlayerInfo.h">
      <Filter>Header Files\Entity</Filter>
    </ClInclude>
    <ClInclude Include="Zombies.h">
      <Filter>Header Files\Entity</Filter>
    </ClInclude>
    <ClInclude Include="Ammo.h">
      <Filter>Header Files\Entity\Item</Filter>
    </ClInclude>
    <ClInclude Include="Health.h">
      <Filter>Header Files\Entity\Item</Filter>
    </ClInclude>
    <ClInclude Include="Slowdown.h">
      <Filter>Header Files\Entity\Item</Filter>
    </ClInclude>
    <ClInclude Include="Header.h">
      <Filter>Header Files\Misc\Framework</Filter>
    </ClInclude>
    <ClInclude Include="LoadResources.h">
      <Filter>Header Files\Misc\Framework</Filter>
    </ClInclude>
    <ClInclude Include="loadTGA.h">
      <Filter>Header Files\Misc\Framework</Filter>
    </ClInclude>
    <ClInclude Include="Mouse.h">
      <Filter>Header Files\Misc\Framework</Filter>
    </ClInclude>
    <ClInclude Include="MVCtime.h">
      <Filter>Header Files\Misc\Framework</Filter>
    </ClInclude>
    <ClInclude Include="Ortho2D.h">
      <Filter>Header Files\Misc\Framework</Filter>
    </ClInclude>
    <ClInclude Include="Sound.h">
      <Filter>Header Files\Misc\Framework</Filter>
    </ClInclude>
    <ClInclude Include="vector3D.h">
      <Filter>Header Files\Misc\Framework</Filter>
    </ClInclude>
    <ClInclude Include="Bet.h">
      <Filter>Header Files\Misc</Filter>
    </ClInclude>
    <ClInclude Include="Collision.h">
      <Filter>Header Files\Misc</Filter>
    </ClInclude>
    <ClInclude Include="Map.h">
      <Filter>Header Files\Misc</Filter>
    </ClInclude>
    <ClInclude Include="Money.h">
      <Filter>Header Files\Misc</Filter>
    </ClInclude>
    <ClInclude Include="State.h">
      <Filter>Header Files\Misc</Filter>
    </ClInclude>
    <ClInclude Include="UI.h">
      <Filter>Header Files\Misc</Filter>
    </ClInclude>
    <ClInclude Include="Building.h">
      <Filter>Header Files\Entity</Filter>
    </ClInclude>
    <ClInclude Include="SPZombie.h">
      <Filter>Header Files\Entity</Filter>
    </ClInclude>
    <ClInclude Include="QuadTree.h" />
  </ItemGroup>
  <ItemGroup>
    <Filter Include="Header Files">
      <UniqueIdentifier>{79268291-ce95-4c3a-810a-4b45115874af}</UniqueIdentifier>
    </Filter>
    <Filter Include="Source Files">
      <UniqueIdentifier>{2adfe991-8d3a-494d-bbdc-a9dca3ebc61a}</UniqueIdentifier>
    </Filter>
    <Filter Include="Header Files\Entity">
      <UniqueIdentifier>{25f88dc3-f360-4f43-a470-867befe1b8f9}</UniqueIdentifier>
    </Filter>
    <Filter Include="Header Files\Misc">
      <UniqueIdentifier>{0d628b64-c9c0-4889-bb3d-b757604dbfb9}</UniqueIdentifier>
    </Filter>
    <Filter Include="Header Files\Entity\Item">
      <UniqueIdentifier>{868bdc37-f36e-469e-acc6-3961930647f7}</UniqueIdentifier>
    </Filter>
    <Filter Include="Source Files\Entity">
      <UniqueIdentifier>{19cc1cf0-8d1e-45bf-a4f8-d06cb1a946ae}</UniqueIdentifier>
    </Filter>
    <Filter Include="Source Files\Framework">
      <UniqueIdentifier>{ff27f26a-803c-4954-9444-222e64b085b6}</UniqueIdentifier>
    </Filter>
    <Filter Include="Source Files\Misc">
      <UniqueIdentifier>{9a87bd9f-09c9-42fd-9e6c-43ac8ba5ac3a}</UniqueIdentifier>
    </Filter>
    <Filter Include="Source Files\Entity\Item">
      <UniqueIdentifier>{34574d2d-8548-4826-821d-e70a2518b4d4}</UniqueIdentifier>
    </Filter>
    <Filter Include="Header Files\Misc\Framework">
      <UniqueIdentifier>{f48a03ce-a5d3-451e-b592-6d487fb8fc8f}</UniqueIdentifier>
    </Filter>
  </ItemGroup>
  <ItemGroup>
    <None Include="ClassDiagram1.cd" />
  </ItemGroup>
</Project>