<?xml version="1.0" encoding="utf-8"?>
<Project ToolsVersion="4.0" xmlns="http://schemas.microsoft.com/developer/msbuild/2003">
  <ItemGroup>
    <ClCompile Include="Ammo.cpp" />
    <ClCompile Include="Bet.cpp" />
    <ClCompile Include="Building.cpp" />
    <ClCompile Include="bullet.cpp" />
    <ClCompile Include="Casino.cpp" />
    <ClCompile Include="Collision.cpp" />
    <ClCompile Include="DM2231_Controller.cpp" />
    <ClCompile Include="DM2231_Model.cpp" />
    <ClCompile Include="DM2231_View.cpp" />
    <ClCompile Include="Entity.cpp" />
    <ClCompile Include="EntityFactory.cpp" />
    <ClCompile Include="gun.cpp" />
    <ClCompile Include="Health.cpp" />
    <ClCompile Include="Items.cpp" />
    <ClCompile Include="LoadResources.cpp" />
    <ClCompile Include="loadTGA.cpp" />
    <ClCompile Include="main.cpp" />
    <ClCompile Include="Map.cpp" />
    <ClCompile Include="Money.cpp" />
    <ClCompile Include="Mouse.cpp" />
    <ClCompile Include="MVCtime.cpp" />
    <ClCompile Include="Obstacle.cpp" />
    <ClCompile Include="Ortho2D.cpp" />
    <ClCompile Include="PlayerInfo.cpp" />
    <ClCompile Include="Slowdown.cpp" />
    <ClCompile Include="Sound.cpp" />
    <ClCompile Include="SPZombie.cpp" />
    <ClCompile Include="State.cpp" />
    <ClCompile Include="UI.cpp" />
    <ClCompile Include="Zombies.cpp" />
  </ItemGroup>
  <ItemGroup>
    <ClInclude Include="Ammo.h" />
    <ClInclude Include="Bet.h" />
    <ClInclude Include="Building.h" />
    <ClInclude Include="bullet.h" />
    <ClInclude Include="Casino.h" />
    <ClInclude Include="Collision.h" />
    <ClInclude Include="DM2231_Controller.h" />
    <ClInclude Include="DM2231_Model.h" />
    <ClInclude Include="DM2231_View.h" />
    <ClInclude Include="EntitiesHeader.h" />
    <ClInclude Include="Entity.h" />
    <ClInclude Include="EntityFactory.h" />
    <ClInclude Include="gun.h" />
    <ClInclude Include="Header.h" />
    <ClInclude Include="Health.h" />
    <ClInclude Include="Items.h" />
    <ClInclude Include="LoadResources.h" />
    <ClInclude Include="loadTGA.h" />
    <ClInclude Include="Map.h" />
    <ClInclude Include="Money.h" />
    <ClInclude Include="Mouse.h" />
    <ClInclude Include="MVCtime.h" />
    <ClInclude Include="Obstacle.h" />
    <ClInclude Include="Ortho2D.h" />
    <ClInclude Include="PlayerInfo.h" />
    <ClInclude Include="Slowdown.h" />
    <ClInclude Include="Sound.h" />
    <ClInclude Include="SPZombie.h" />
    <ClInclude Include="State.h" />
    <ClInclude Include="UI.h" />
    <ClInclude Include="vector3D.h" />
    <ClInclude Include="Zombies.h" />
  </ItemGroup>
  <ItemGroup>
    <Filter Include="NewFilter1">
      <UniqueIdentifier>{79268291-ce95-4c3a-810a-4b45115874af}</UniqueIdentifier>
    </Filter>
  </ItemGroup>
</Project>